
Microsoft Visual Studio Solution File, Format Version 12.00
# Visual Studio 15
VisualStudioVersion = 15.0.26124.0
MinimumVisualStudioVersion = 15.0.26124.0
Project("{2150E333-8FDC-42A3-9474-1A3956D46DE8}") = "src", "src", "{35B3E56C-5806-49CE-B460-AAC0178F9CAB}"
EndProject
Project("{FAE04EC0-301F-11D3-BF4B-00C04F79EFBC}") = "EnNattPaMuseet", "src\EnNattPaMuseet\EnNattPaMuseet.csproj", "{9ACCD99A-9EBE-4990-8A73-EA22999770EA}"
EndProject
Project("{2150E333-8FDC-42A3-9474-1A3956D46DE8}") = "test", "test", "{5E899EF1-E71C-4642-99AB-BD5D30651D1B}"
EndProject
Project("{FAE04EC0-301F-11D3-BF4B-00C04F79EFBC}") = "EnNattPaMuseet.test", "test\EnNattPaMuseet.test\EnNattPaMuseet.test.csproj", "{CBEC542E-9C43-4D44-8368-A93E43AF4D3F}"
EndProject
Global
	GlobalSection(SolutionConfigurationPlatforms) = preSolution
		Debug|Any CPU = Debug|Any CPU
		Debug|x64 = Debug|x64
		Debug|x86 = Debug|x86
		Release|Any CPU = Release|Any CPU
		Release|x64 = Release|x64
		Release|x86 = Release|x86
	EndGlobalSection
	GlobalSection(SolutionProperties) = preSolution
		HideSolutionNode = FALSE
	EndGlobalSection
	GlobalSection(ProjectConfigurationPlatforms) = postSolution
		{9ACCD99A-9EBE-4990-8A73-EA22999770EA}.Debug|Any CPU.ActiveCfg = Debug|Any CPU
		{9ACCD99A-9EBE-4990-8A73-EA22999770EA}.Debug|Any CPU.Build.0 = Debug|Any CPU
		{9ACCD99A-9EBE-4990-8A73-EA22999770EA}.Debug|x64.ActiveCfg = Debug|Any CPU
		{9ACCD99A-9EBE-4990-8A73-EA22999770EA}.Debug|x64.Build.0 = Debug|Any CPU
		{9ACCD99A-9EBE-4990-8A73-EA22999770EA}.Debug|x86.ActiveCfg = Debug|Any CPU
		{9ACCD99A-9EBE-4990-8A73-EA22999770EA}.Debug|x86.Build.0 = Debug|Any CPU
		{9ACCD99A-9EBE-4990-8A73-EA22999770EA}.Release|Any CPU.ActiveCfg = Release|Any CPU
		{9ACCD99A-9EBE-4990-8A73-EA22999770EA}.Release|Any CPU.Build.0 = Release|Any CPU
		{9ACCD99A-9EBE-4990-8A73-EA22999770EA}.Release|x64.ActiveCfg = Release|Any CPU
		{9ACCD99A-9EBE-4990-8A73-EA22999770EA}.Release|x64.Build.0 = Release|Any CPU
		{9ACCD99A-9EBE-4990-8A73-EA22999770EA}.Release|x86.ActiveCfg = Release|Any CPU
		{9ACCD99A-9EBE-4990-8A73-EA22999770EA}.Release|x86.Build.0 = Release|Any CPU
		{CBEC542E-9C43-4D44-8368-A93E43AF4D3F}.Debug|Any CPU.ActiveCfg = Debug|Any CPU
		{CBEC542E-9C43-4D44-8368-A93E43AF4D3F}.Debug|Any CPU.Build.0 = Debug|Any CPU
		{CBEC542E-9C43-4D44-8368-A93E43AF4D3F}.Debug|x64.ActiveCfg = Debug|Any CPU
		{CBEC542E-9C43-4D44-8368-A93E43AF4D3F}.Debug|x64.Build.0 = Debug|Any CPU
		{CBEC542E-9C43-4D44-8368-A93E43AF4D3F}.Debug|x86.ActiveCfg = Debug|Any CPU
		{CBEC542E-9C43-4D44-8368-A93E43AF4D3F}.Debug|x86.Build.0 = Debug|Any CPU
		{CBEC542E-9C43-4D44-8368-A93E43AF4D3F}.Release|Any CPU.ActiveCfg = Release|Any CPU
		{CBEC542E-9C43-4D44-8368-A93E43AF4D3F}.Release|Any CPU.Build.0 = Release|Any CPU
		{CBEC542E-9C43-4D44-8368-A93E43AF4D3F}.Release|x64.ActiveCfg = Release|Any CPU
		{CBEC542E-9C43-4D44-8368-A93E43AF4D3F}.Release|x64.Build.0 = Release|Any CPU
		{CBEC542E-9C43-4D44-8368-A93E43AF4D3F}.Release|x86.ActiveCfg = Release|Any CPU
		{CBEC542E-9C43-4D44-8368-A93E43AF4D3F}.Release|x86.Build.0 = Release|Any CPU
	EndGlobalSection
	GlobalSection(NestedProjects) = preSolution
		{9ACCD99A-9EBE-4990-8A73-EA22999770EA} = {35B3E56C-5806-49CE-B460-AAC0178F9CAB}
		{CBEC542E-9C43-4D44-8368-A93E43AF4D3F} = {5E899EF1-E71C-4642-99AB-BD5D30651D1B}
	EndGlobalSection
EndGlobal
